// !$*UTF8*$!
{
	archiveVersion = 1;
	classes = {
	};
	objectVersion = 50;
	objects = {

/* Begin PBXBuildFile section */
		3737E591251B6A3600502ECD /* CYDummyClass.m in Sources */ = {isa = PBXBuildFile; fileRef = 3737E58F251B6A3600502ECD /* CYDummyClass.m */; };
		3737E592251B6A3600502ECD /* CYDummyClass.h in Headers */ = {isa = PBXBuildFile; fileRef = 3737E590251B6A3600502ECD /* CYDummyClass.h */; };
		374CCBE725148FF100680D75 /* UIKit.framework in Frameworks */ = {isa = PBXBuildFile; fileRef = 374CCBE625148FF100680D75 /* UIKit.framework */; };
		374CCBE925148FF100680D75 /* Foundation.framework in Frameworks */ = {isa = PBXBuildFile; fileRef = 374CCBE825148FF100680D75 /* Foundation.framework */; };
		374CCBEB25148FF100680D75 /* CydiaSubstrate.framework in Frameworks */ = {isa = PBXBuildFile; fileRef = 374CCBEA25148FF100680D75 /* CydiaSubstrate.framework */; };
		374CCC40251491AA00680D75 /* Security.framework in Frameworks */ = {isa = PBXBuildFile; fileRef = 374CCC3F251491AA00680D75 /* Security.framework */; };
		374CCC802515F3A000680D75 /* AwemeTweak.mm in Sources */ = {isa = PBXBuildFile; fileRef = 374CCC7D2515F3A000680D75 /* AwemeTweak.mm */; };
		374CCC832515F3C400680D75 /* AwemeTweak-Prefix.pch in Headers */ = {isa = PBXBuildFile; fileRef = 374CCC822515F3C400680D75 /* AwemeTweak-Prefix.pch */; };
		374CCC862516E76100680D75 /* DYUserProfileModel.h in Headers */ = {isa = PBXBuildFile; fileRef = 374CCC842516E76100680D75 /* DYUserProfileModel.h */; };
		374CCC872516E76100680D75 /* DYUserProfileModel.m in Sources */ = {isa = PBXBuildFile; fileRef = 374CCC852516E76100680D75 /* DYUserProfileModel.m */; };
		374CCC8A2516F52700680D75 /* DYFollowModel.h in Headers */ = {isa = PBXBuildFile; fileRef = 374CCC882516F52700680D75 /* DYFollowModel.h */; };
		374CCC8B2516F52700680D75 /* DYFollowModel.m in Sources */ = {isa = PBXBuildFile; fileRef = 374CCC892516F52700680D75 /* DYFollowModel.m */; };
		374CCC922517058500680D75 /* YYClassInfo.h in Headers */ = {isa = PBXBuildFile; fileRef = 374CCC8D2517058500680D75 /* YYClassInfo.h */; };
		374CCC932517058500680D75 /* YYModel.h in Headers */ = {isa = PBXBuildFile; fileRef = 374CCC8E2517058500680D75 /* YYModel.h */; };
		374CCC942517058500680D75 /* NSObject+YYModel.m in Sources */ = {isa = PBXBuildFile; fileRef = 374CCC8F2517058500680D75 /* NSObject+YYModel.m */; };
		374CCC952517058500680D75 /* YYClassInfo.m in Sources */ = {isa = PBXBuildFile; fileRef = 374CCC902517058500680D75 /* YYClassInfo.m */; };
		374CCC962517058500680D75 /* NSObject+YYModel.h in Headers */ = {isa = PBXBuildFile; fileRef = 374CCC912517058500680D75 /* NSObject+YYModel.h */; };
		374CCCA62517062800680D75 /* CYUtils.h in Headers */ = {isa = PBXBuildFile; fileRef = 374CCC9A2517062800680D75 /* CYUtils.h */; };
		374CCCAE2517062800680D75 /* CYUtils.m in Sources */ = {isa = PBXBuildFile; fileRef = 374CCCA22517062800680D75 /* CYUtils.m */; };
		374CCCBE2517065F00680D75 /* FMDatabase.h in Headers */ = {isa = PBXBuildFile; fileRef = 374CCCB12517065F00680D75 /* FMDatabase.h */; };
		374CCCBF2517065F00680D75 /* FMDatabaseQueue.m in Sources */ = {isa = PBXBuildFile; fileRef = 374CCCB22517065F00680D75 /* FMDatabaseQueue.m */; };
		374CCCC02517065F00680D75 /* CYDatabaseManager.h in Headers */ = {isa = PBXBuildFile; fileRef = 374CCCB32517065F00680D75 /* CYDatabaseManager.h */; };
		374CCCC12517065F00680D75 /* FMResultSet.h in Headers */ = {isa = PBXBuildFile; fileRef = 374CCCB42517065F00680D75 /* FMResultSet.h */; };
		374CCCC22517065F00680D75 /* FMDatabaseAdditions.m in Sources */ = {isa = PBXBuildFile; fileRef = 374CCCB52517065F00680D75 /* FMDatabaseAdditions.m */; };
		374CCCC32517065F00680D75 /* CYDatabaseModel.m in Sources */ = {isa = PBXBuildFile; fileRef = 374CCCB62517065F00680D75 /* CYDatabaseModel.m */; };
		374CCCC42517065F00680D75 /* FMDatabase.m in Sources */ = {isa = PBXBuildFile; fileRef = 374CCCB72517065F00680D75 /* FMDatabase.m */; };
		374CCCC52517065F00680D75 /* CYDatabaseManager.m in Sources */ = {isa = PBXBuildFile; fileRef = 374CCCB82517065F00680D75 /* CYDatabaseManager.m */; };
		374CCCC62517065F00680D75 /* FMDatabaseQueue.h in Headers */ = {isa = PBXBuildFile; fileRef = 374CCCB92517065F00680D75 /* FMDatabaseQueue.h */; };
		374CCCC72517065F00680D75 /* FMDB.h in Headers */ = {isa = PBXBuildFile; fileRef = 374CCCBA2517065F00680D75 /* FMDB.h */; };
		374CCCC82517065F00680D75 /* FMDatabaseAdditions.h in Headers */ = {isa = PBXBuildFile; fileRef = 374CCCBB2517065F00680D75 /* FMDatabaseAdditions.h */; };
		374CCCC92517065F00680D75 /* FMResultSet.m in Sources */ = {isa = PBXBuildFile; fileRef = 374CCCBC2517065F00680D75 /* FMResultSet.m */; };
		374CCCCA2517065F00680D75 /* CYDatabaseModel.h in Headers */ = {isa = PBXBuildFile; fileRef = 374CCCBD2517065F00680D75 /* CYDatabaseModel.h */; };
		374CCCCD2517070300680D75 /* AwemeDataService.h in Headers */ = {isa = PBXBuildFile; fileRef = 374CCCCB2517070300680D75 /* AwemeDataService.h */; };
		374CCCCE2517070300680D75 /* AwemeDataService.m in Sources */ = {isa = PBXBuildFile; fileRef = 374CCCCC2517070300680D75 /* AwemeDataService.m */; };
		3761AE4325E174E300771548 /* AWECommentPanelBaseCell.h in Headers */ = {isa = PBXBuildFile; fileRef = 3761AE3E25E174E300771548 /* AWECommentPanelBaseCell.h */; };
		37653354254275750099C194 /* YYKeychain.h in Headers */ = {isa = PBXBuildFile; fileRef = 37653352254275750099C194 /* YYKeychain.h */; };
		37653355254275750099C194 /* YYKeychain.m in Sources */ = {isa = PBXBuildFile; fileRef = 37653353254275750099C194 /* YYKeychain.m */; };
		377D387425BA848C003D6D8A /* CYCommonHook.m in Sources */ = {isa = PBXBuildFile; fileRef = 377D387325BA848B003D6D8A /* CYCommonHook.m */; };
/* End PBXBuildFile section */

/* Begin PBXFileReference section */
		3737E58F251B6A3600502ECD /* CYDummyClass.m */ = {isa = PBXFileReference; fileEncoding = 4; lastKnownFileType = sourcecode.c.objc; path = CYDummyClass.m; sourceTree = "<group>"; };
		3737E590251B6A3600502ECD /* CYDummyClass.h */ = {isa = PBXFileReference; fileEncoding = 4; lastKnownFileType = sourcecode.c.h; path = CYDummyClass.h; sourceTree = "<group>"; };
		374CCBE325148FF100680D75 /* AwemeTweak.dylib */ = {isa = PBXFileReference; explicitFileType = "compiled.mach-o.dylib"; includeInIndex = 0; path = AwemeTweak.dylib; sourceTree = BUILT_PRODUCTS_DIR; };
		374CCBE625148FF100680D75 /* UIKit.framework */ = {isa = PBXFileReference; lastKnownFileType = wrapper.framework; name = UIKit.framework; path = System/Library/Frameworks/UIKit.framework; sourceTree = SDKROOT; };
		374CCBE825148FF100680D75 /* Foundation.framework */ = {isa = PBXFileReference; lastKnownFileType = wrapper.framework; name = Foundation.framework; path = System/Library/Frameworks/Foundation.framework; sourceTree = SDKROOT; };
		374CCBEA25148FF100680D75 /* CydiaSubstrate.framework */ = {isa = PBXFileReference; lastKnownFileType = wrapper.framework; name = CydiaSubstrate.framework; path = Library/Frameworks/CydiaSubstrate.framework; sourceTree = DEVELOPER_DIR; };
		374CCBEF25148FF100680D75 /* control */ = {isa = PBXFileReference; lastKnownFileType = text; path = control; sourceTree = "<group>"; };
		374CCBF825148FF100680D75 /* AwemeTweak.plist */ = {isa = PBXFileReference; lastKnownFileType = text.plist.xml; path = AwemeTweak.plist; sourceTree = "<group>"; };
		374CCC3F251491AA00680D75 /* Security.framework */ = {isa = PBXFileReference; lastKnownFileType = wrapper.framework; name = Security.framework; path = Platforms/MacOSX.platform/Developer/SDKs/MacOSX10.15.sdk/System/Library/Frameworks/Security.framework; sourceTree = DEVELOPER_DIR; };
		374CCC7D2515F3A000680D75 /* AwemeTweak.mm */ = {isa = PBXFileReference; fileEncoding = 4; lastKnownFileType = sourcecode.cpp.objcpp; path = AwemeTweak.mm; sourceTree = "<group>"; };
		374CCC7E2515F3A000680D75 /* AwemeTweak.xm */ = {isa = PBXFileReference; explicitFileType = sourcecode.c.objc; fileEncoding = 4; path = AwemeTweak.xm; sourceTree = "<group>"; };
		374CCC822515F3C400680D75 /* AwemeTweak-Prefix.pch */ = {isa = PBXFileReference; fileEncoding = 4; lastKnownFileType = sourcecode.c.h; path = "AwemeTweak-Prefix.pch"; sourceTree = "<group>"; };
		374CCC842516E76100680D75 /* DYUserProfileModel.h */ = {isa = PBXFileReference; lastKnownFileType = sourcecode.c.h; path = DYUserProfileModel.h; sourceTree = "<group>"; };
		374CCC852516E76100680D75 /* DYUserProfileModel.m */ = {isa = PBXFileReference; lastKnownFileType = sourcecode.c.objc; path = DYUserProfileModel.m; sourceTree = "<group>"; };
		374CCC882516F52700680D75 /* DYFollowModel.h */ = {isa = PBXFileReference; lastKnownFileType = sourcecode.c.h; path = DYFollowModel.h; sourceTree = "<group>"; };
		374CCC892516F52700680D75 /* DYFollowModel.m */ = {isa = PBXFileReference; lastKnownFileType = sourcecode.c.objc; path = DYFollowModel.m; sourceTree = "<group>"; };
		374CCC8D2517058500680D75 /* YYClassInfo.h */ = {isa = PBXFileReference; fileEncoding = 4; lastKnownFileType = sourcecode.c.h; path = YYClassInfo.h; sourceTree = "<group>"; };
		374CCC8E2517058500680D75 /* YYModel.h */ = {isa = PBXFileReference; fileEncoding = 4; lastKnownFileType = sourcecode.c.h; path = YYModel.h; sourceTree = "<group>"; };
		374CCC8F2517058500680D75 /* NSObject+YYModel.m */ = {isa = PBXFileReference; fileEncoding = 4; lastKnownFileType = sourcecode.c.objc; path = "NSObject+YYModel.m"; sourceTree = "<group>"; };
		374CCC902517058500680D75 /* YYClassInfo.m */ = {isa = PBXFileReference; fileEncoding = 4; lastKnownFileType = sourcecode.c.objc; path = YYClassInfo.m; sourceTree = "<group>"; };
		374CCC912517058500680D75 /* NSObject+YYModel.h */ = {isa = PBXFileReference; fileEncoding = 4; lastKnownFileType = sourcecode.c.h; path = "NSObject+YYModel.h"; sourceTree = "<group>"; };
		374CCC9A2517062800680D75 /* CYUtils.h */ = {isa = PBXFileReference; fileEncoding = 4; lastKnownFileType = sourcecode.c.h; path = CYUtils.h; sourceTree = "<group>"; };
		374CCCA22517062800680D75 /* CYUtils.m */ = {isa = PBXFileReference; fileEncoding = 4; lastKnownFileType = sourcecode.c.objc; path = CYUtils.m; sourceTree = "<group>"; };
		374CCCB12517065F00680D75 /* FMDatabase.h */ = {isa = PBXFileReference; fileEncoding = 4; lastKnownFileType = sourcecode.c.h; path = FMDatabase.h; sourceTree = "<group>"; };
		374CCCB22517065F00680D75 /* FMDatabaseQueue.m */ = {isa = PBXFileReference; fileEncoding = 4; lastKnownFileType = sourcecode.c.objc; path = FMDatabaseQueue.m; sourceTree = "<group>"; };
		374CCCB32517065F00680D75 /* CYDatabaseManager.h */ = {isa = PBXFileReference; fileEncoding = 4; lastKnownFileType = sourcecode.c.h; path = CYDatabaseManager.h; sourceTree = "<group>"; };
		374CCCB42517065F00680D75 /* FMResultSet.h */ = {isa = PBXFileReference; fileEncoding = 4; lastKnownFileType = sourcecode.c.h; path = FMResultSet.h; sourceTree = "<group>"; };
		374CCCB52517065F00680D75 /* FMDatabaseAdditions.m */ = {isa = PBXFileReference; fileEncoding = 4; lastKnownFileType = sourcecode.c.objc; path = FMDatabaseAdditions.m; sourceTree = "<group>"; };
		374CCCB62517065F00680D75 /* CYDatabaseModel.m */ = {isa = PBXFileReference; fileEncoding = 4; lastKnownFileType = sourcecode.c.objc; path = CYDatabaseModel.m; sourceTree = "<group>"; };
		374CCCB72517065F00680D75 /* FMDatabase.m */ = {isa = PBXFileReference; fileEncoding = 4; lastKnownFileType = sourcecode.c.objc; path = FMDatabase.m; sourceTree = "<group>"; };
		374CCCB82517065F00680D75 /* CYDatabaseManager.m */ = {isa = PBXFileReference; fileEncoding = 4; lastKnownFileType = sourcecode.c.objc; path = CYDatabaseManager.m; sourceTree = "<group>"; };
		374CCCB92517065F00680D75 /* FMDatabaseQueue.h */ = {isa = PBXFileReference; fileEncoding = 4; lastKnownFileType = sourcecode.c.h; path = FMDatabaseQueue.h; sourceTree = "<group>"; };
		374CCCBA2517065F00680D75 /* FMDB.h */ = {isa = PBXFileReference; fileEncoding = 4; lastKnownFileType = sourcecode.c.h; path = FMDB.h; sourceTree = "<group>"; };
		374CCCBB2517065F00680D75 /* FMDatabaseAdditions.h */ = {isa = PBXFileReference; fileEncoding = 4; lastKnownFileType = sourcecode.c.h; path = FMDatabaseAdditions.h; sourceTree = "<group>"; };
		374CCCBC2517065F00680D75 /* FMResultSet.m */ = {isa = PBXFileReference; fileEncoding = 4; lastKnownFileType = sourcecode.c.objc; path = FMResultSet.m; sourceTree = "<group>"; };
		374CCCBD2517065F00680D75 /* CYDatabaseModel.h */ = {isa = PBXFileReference; fileEncoding = 4; lastKnownFileType = sourcecode.c.h; path = CYDatabaseModel.h; sourceTree = "<group>"; };
		374CCCCB2517070300680D75 /* AwemeDataService.h */ = {isa = PBXFileReference; lastKnownFileType = sourcecode.c.h; path = AwemeDataService.h; sourceTree = "<group>"; };
		374CCCCC2517070300680D75 /* AwemeDataService.m */ = {isa = PBXFileReference; lastKnownFileType = sourcecode.c.objc; path = AwemeDataService.m; sourceTree = "<group>"; };
		3761AE3E25E174E300771548 /* AWECommentPanelBaseCell.h */ = {isa = PBXFileReference; fileEncoding = 4; lastKnownFileType = sourcecode.c.h; path = AWECommentPanelBaseCell.h; sourceTree = "<group>"; };
		37653352254275750099C194 /* YYKeychain.h */ = {isa = PBXFileReference; fileEncoding = 4; lastKnownFileType = sourcecode.c.h; path = YYKeychain.h; sourceTree = "<group>"; };
		37653353254275750099C194 /* YYKeychain.m */ = {isa = PBXFileReference; fileEncoding = 4; lastKnownFileType = sourcecode.c.objc; path = YYKeychain.m; sourceTree = "<group>"; };
		377D387325BA848B003D6D8A /* CYCommonHook.m */ = {isa = PBXFileReference; fileEncoding = 4; lastKnownFileType = sourcecode.c.objc; path = CYCommonHook.m; sourceTree = "<group>"; };
/* End PBXFileReference section */

/* Begin PBXFrameworksBuildPhase section */
		374CCBDF25148FF100680D75 /* Frameworks */ = {
			isa = PBXFrameworksBuildPhase;
			buildActionMask = 2147483647;
			files = (
				374CCBE725148FF100680D75 /* UIKit.framework in Frameworks */,
				374CCBE925148FF100680D75 /* Foundation.framework in Frameworks */,
				374CCC40251491AA00680D75 /* Security.framework in Frameworks */,
				374CCBEB25148FF100680D75 /* CydiaSubstrate.framework in Frameworks */,
			);
			runOnlyForDeploymentPostprocessing = 0;
		};
/* End PBXFrameworksBuildPhase section */

/* Begin PBXGroup section */
		374CCBD825148FF100680D75 = {
			isa = PBXGroup;
			children = (
				374CCBEC25148FF100680D75 /* AwemeTweak */,
				374CCBE525148FF100680D75 /* Frameworks */,
				374CCBE425148FF100680D75 /* Products */,
			);
			sourceTree = "<group>";
		};
		374CCBE425148FF100680D75 /* Products */ = {
			isa = PBXGroup;
			children = (
				374CCBE325148FF100680D75 /* AwemeTweak.dylib */,
			);
			name = Products;
			sourceTree = "<group>";
		};
		374CCBE525148FF100680D75 /* Frameworks */ = {
			isa = PBXGroup;
			children = (
				374CCC3F251491AA00680D75 /* Security.framework */,
				374CCBE625148FF100680D75 /* UIKit.framework */,
				374CCBE825148FF100680D75 /* Foundation.framework */,
				374CCBEA25148FF100680D75 /* CydiaSubstrate.framework */,
			);
			name = Frameworks;
			sourceTree = "<group>";
		};
		374CCBEC25148FF100680D75 /* AwemeTweak */ = {
			isa = PBXGroup;
			children = (
				3761AE3D25E174E300771548 /* Headers */,
				37653351254275750099C194 /* YYKeychain */,
				374CCCB02517065F00680D75 /* CYDatabase */,
				374CCC972517062800680D75 /* Common */,
				374CCC8C2517058500680D75 /* YYModel */,
				374CCC822515F3C400680D75 /* AwemeTweak-Prefix.pch */,
				374CCC7D2515F3A000680D75 /* AwemeTweak.mm */,
				374CCC7E2515F3A000680D75 /* AwemeTweak.xm */,
				374CCBED25148FF100680D75 /* Package */,
				374CCC842516E76100680D75 /* DYUserProfileModel.h */,
				374CCC852516E76100680D75 /* DYUserProfileModel.m */,
				374CCC882516F52700680D75 /* DYFollowModel.h */,
				374CCC892516F52700680D75 /* DYFollowModel.m */,
				374CCCCB2517070300680D75 /* AwemeDataService.h */,
				374CCCCC2517070300680D75 /* AwemeDataService.m */,
			);
			path = AwemeTweak;
			sourceTree = "<group>";
		};
		374CCBED25148FF100680D75 /* Package */ = {
			isa = PBXGroup;
			children = (
				374CCBEE25148FF100680D75 /* DEBIAN */,
				374CCBF525148FF100680D75 /* Library */,
			);
			path = Package;
			sourceTree = "<group>";
		};
		374CCBEE25148FF100680D75 /* DEBIAN */ = {
			isa = PBXGroup;
			children = (
				374CCBEF25148FF100680D75 /* control */,
			);
			path = DEBIAN;
			sourceTree = "<group>";
		};
		374CCBF525148FF100680D75 /* Library */ = {
			isa = PBXGroup;
			children = (
				374CCBF625148FF100680D75 /* MobileSubstrate */,
			);
			path = Library;
			sourceTree = "<group>";
		};
		374CCBF625148FF100680D75 /* MobileSubstrate */ = {
			isa = PBXGroup;
			children = (
				374CCBF725148FF100680D75 /* DynamicLibraries */,
			);
			path = MobileSubstrate;
			sourceTree = "<group>";
		};
		374CCBF725148FF100680D75 /* DynamicLibraries */ = {
			isa = PBXGroup;
			children = (
				374CCBF825148FF100680D75 /* AwemeTweak.plist */,
			);
			path = DynamicLibraries;
			sourceTree = "<group>";
		};
		374CCC8C2517058500680D75 /* YYModel */ = {
			isa = PBXGroup;
			children = (
				374CCC8D2517058500680D75 /* YYClassInfo.h */,
				374CCC8E2517058500680D75 /* YYModel.h */,
				374CCC8F2517058500680D75 /* NSObject+YYModel.m */,
				374CCC902517058500680D75 /* YYClassInfo.m */,
				374CCC912517058500680D75 /* NSObject+YYModel.h */,
			);
			name = YYModel;
			path = ../../YYModel;
			sourceTree = "<group>";
		};
		374CCC972517062800680D75 /* Common */ = {
			isa = PBXGroup;
			children = (
				377D387325BA848B003D6D8A /* CYCommonHook.m */,
				3737E590251B6A3600502ECD /* CYDummyClass.h */,
				3737E58F251B6A3600502ECD /* CYDummyClass.m */,
				374CCC9A2517062800680D75 /* CYUtils.h */,
				374CCCA22517062800680D75 /* CYUtils.m */,
			);
			name = Common;
			path = ../../Common;
			sourceTree = "<group>";
		};
		374CCCB02517065F00680D75 /* CYDatabase */ = {
			isa = PBXGroup;
			children = (
				374CCCB32517065F00680D75 /* CYDatabaseManager.h */,
				374CCCB82517065F00680D75 /* CYDatabaseManager.m */,
				374CCCBD2517065F00680D75 /* CYDatabaseModel.h */,
				374CCCB62517065F00680D75 /* CYDatabaseModel.m */,
				374CCCB12517065F00680D75 /* FMDatabase.h */,
				374CCCB72517065F00680D75 /* FMDatabase.m */,
				374CCCBB2517065F00680D75 /* FMDatabaseAdditions.h */,
				374CCCB52517065F00680D75 /* FMDatabaseAdditions.m */,
				374CCCB92517065F00680D75 /* FMDatabaseQueue.h */,
				374CCCB22517065F00680D75 /* FMDatabaseQueue.m */,
				374CCCBA2517065F00680D75 /* FMDB.h */,
				374CCCB42517065F00680D75 /* FMResultSet.h */,
				374CCCBC2517065F00680D75 /* FMResultSet.m */,
			);
			name = CYDatabase;
			path = ../../CYDatabase;
			sourceTree = "<group>";
		};
		3761AE3D25E174E300771548 /* Headers */ = {
			isa = PBXGroup;
			children = (
				3761AE3E25E174E300771548 /* AWECommentPanelBaseCell.h */,
			);
			path = Headers;
			sourceTree = "<group>";
		};
		37653351254275750099C194 /* YYKeychain */ = {
			isa = PBXGroup;
			children = (
				37653352254275750099C194 /* YYKeychain.h */,
				37653353254275750099C194 /* YYKeychain.m */,
			);
			name = YYKeychain;
			path = ../../YYKeychain;
			sourceTree = "<group>";
		};
/* End PBXGroup section */

/* Begin PBXHeadersBuildPhase section */
		374CCBE025148FF100680D75 /* Headers */ = {
			isa = PBXHeadersBuildPhase;
			buildActionMask = 2147483647;
			files = (
				374CCCC72517065F00680D75 /* FMDB.h in Headers */,
				37653354254275750099C194 /* YYKeychain.h in Headers */,
				374CCC862516E76100680D75 /* DYUserProfileModel.h in Headers */,
				3737E592251B6A3600502ECD /* CYDummyClass.h in Headers */,
				374CCCCD2517070300680D75 /* AwemeDataService.h in Headers */,
				374CCCC82517065F00680D75 /* FMDatabaseAdditions.h in Headers */,
				374CCC8A2516F52700680D75 /* DYFollowModel.h in Headers */,
				374CCCBE2517065F00680D75 /* FMDatabase.h in Headers */,
				374CCC962517058500680D75 /* NSObject+YYModel.h in Headers */,
				374CCC832515F3C400680D75 /* AwemeTweak-Prefix.pch in Headers */,
				374CCCA62517062800680D75 /* CYUtils.h in Headers */,
				374CCC922517058500680D75 /* YYClassInfo.h in Headers */,
				374CCCC12517065F00680D75 /* FMResultSet.h in Headers */,
				374CCCC62517065F00680D75 /* FMDatabaseQueue.h in Headers */,
				374CCCCA2517065F00680D75 /* CYDatabaseModel.h in Headers */,
				374CCCC02517065F00680D75 /* CYDatabaseManager.h in Headers */,
				3761AE4325E174E300771548 /* AWECommentPanelBaseCell.h in Headers */,
				374CCC932517058500680D75 /* YYModel.h in Headers */,
			);
			runOnlyForDeploymentPostprocessing = 0;
		};
/* End PBXHeadersBuildPhase section */

/* Begin PBXNativeTarget section */
		374CCBE225148FF100680D75 /* AwemeTweak */ = {
			isa = PBXNativeTarget;
			buildConfigurationList = 374CCBFB25148FF100680D75 /* Build configuration list for PBXNativeTarget "AwemeTweak" */;
			buildPhases = (
				374CCBDD25148FF100680D75 /* ShellScript */,
				374CCBDE25148FF100680D75 /* Sources */,
				374CCBDF25148FF100680D75 /* Frameworks */,
				374CCBE025148FF100680D75 /* Headers */,
				374CCBE125148FF100680D75 /* ShellScript */,
			);
			buildRules = (
			);
			dependencies = (
			);
			name = AwemeTweak;
			productName = AwemeTweak;
			productReference = 374CCBE325148FF100680D75 /* AwemeTweak.dylib */;
			productType = "com.apple.product-type.library.dynamic";
		};
/* End PBXNativeTarget section */

/* Begin PBXProject section */
		374CCBD925148FF100680D75 /* Project object */ = {
			isa = PBXProject;
			attributes = {
				LastUpgradeCheck = 1170;
				TargetAttributes = {
					374CCBE225148FF100680D75 = {
						CreatedOnToolsVersion = 11.7;
					};
				};
			};
			buildConfigurationList = 374CCBDC25148FF100680D75 /* Build configuration list for PBXProject "AwemeTweak" */;
			compatibilityVersion = "Xcode 9.3";
			developmentRegion = en;
			hasScannedForEncodings = 0;
			knownRegions = (
				en,
				Base,
			);
			mainGroup = 374CCBD825148FF100680D75;
			productRefGroup = 374CCBE425148FF100680D75 /* Products */;
			projectDirPath = "";
			projectRoot = "";
			targets = (
				374CCBE225148FF100680D75 /* AwemeTweak */,
			);
		};
/* End PBXProject section */

/* Begin PBXShellScriptBuildPhase section */
		374CCBDD25148FF100680D75 /* ShellScript */ = {
			isa = PBXShellScriptBuildPhase;
			buildActionMask = 2147483647;
			files = (
			);
			inputFileListPaths = (
			);
			inputPaths = (
			);
			outputFileListPaths = (
			);
			outputPaths = (
			);
			runOnlyForDeploymentPostprocessing = 0;
			shellPath = /bin/sh;
			shellScript = "/opt/MonkeyDev/bin/md --xcbp-logos";
		};
		374CCBE125148FF100680D75 /* ShellScript */ = {
			isa = PBXShellScriptBuildPhase;
			buildActionMask = 2147483647;
			files = (
			);
			inputFileListPaths = (
			);
			inputPaths = (
			);
			outputFileListPaths = (
			);
			outputPaths = (
			);
			runOnlyForDeploymentPostprocessing = 0;
			shellPath = /bin/sh;
			shellScript = "/opt/MonkeyDev/bin/md --xcbp";
		};
/* End PBXShellScriptBuildPhase section */

/* Begin PBXSourcesBuildPhase section */
		374CCBDE25148FF100680D75 /* Sources */ = {
			isa = PBXSourcesBuildPhase;
			buildActionMask = 2147483647;
			files = (
				374CCCAE2517062800680D75 /* CYUtils.m in Sources */,
				374CCCBF2517065F00680D75 /* FMDatabaseQueue.m in Sources */,
				374CCC802515F3A000680D75 /* AwemeTweak.mm in Sources */,
				374CCC8B2516F52700680D75 /* DYFollowModel.m in Sources */,
				374CCC872516E76100680D75 /* DYUserProfileModel.m in Sources */,
				374CCCC22517065F00680D75 /* FMDatabaseAdditions.m in Sources */,
				374CCCC92517065F00680D75 /* FMResultSet.m in Sources */,
				374CCCC52517065F00680D75 /* CYDatabaseManager.m in Sources */,
				374CCCC32517065F00680D75 /* CYDatabaseModel.m in Sources */,
				374CCC952517058500680D75 /* YYClassInfo.m in Sources */,
				374CCC942517058500680D75 /* NSObject+YYModel.m in Sources */,
				374CCCC42517065F00680D75 /* FMDatabase.m in Sources */,
				374CCCCE2517070300680D75 /* AwemeDataService.m in Sources */,
				3737E591251B6A3600502ECD /* CYDummyClass.m in Sources */,
				37653355254275750099C194 /* YYKeychain.m in Sources */,
				377D387425BA848C003D6D8A /* CYCommonHook.m in Sources */,
			);
			runOnlyForDeploymentPostprocessing = 0;
		};
/* End PBXSourcesBuildPhase section */

/* Begin XCBuildConfiguration section */
		374CCBF925148FF100680D75 /* Release */ = {
			isa = XCBuildConfiguration;
			buildSettings = {
				COPY_PHASE_STRIP = YES;
				EXCLUDED_RECURSIVE_SEARCH_PATH_SUBDIRECTORIES = "*.nib *.lproj *.gch (*) .DS_Store CVS .svn .git .hg *.xcodeproj *.xcode *.pbproj *.pbxproj";
				FRAMEWORK_SEARCH_PATHS = (
					"$(MonkeyDevPath)/frameworks/**",
					"$(MonkeyDevTheosPath)/vendor/lib",
				);
				GCC_C_LANGUAGE_STANDARD = gnu99;
				GCC_WARN_ABOUT_MISSING_PROTOTYPES = YES;
				GCC_WARN_ABOUT_RETURN_TYPE = YES;
				GCC_WARN_UNUSED_VARIABLE = YES;
				HEADER_SEARCH_PATHS = "$(MonkeyDevTheosPath)/vendor/include/**";
				IPHONEOS_DEPLOYMENT_TARGET = 8.0;
				LIBRARY_SEARCH_PATHS = "$(MonkeyDevTheosPath)/vendor/lib/**";
				MonkeyDevPath = /opt/MonkeyDev;
				MonkeyDevTheosPath = /opt/theos;
				OTHER_CFLAGS = "-DTHEOS_INSTANCE_NAME=\"\\\"AwemeTweak\\\"\"";
				SDKROOT = iphoneos;
				TARGETED_DEVICE_FAMILY = "1,2";
				VALIDATE_PRODUCT = YES;
			};
			name = Release;
		};
		374CCBFA25148FF100680D75 /* Debug */ = {
			isa = XCBuildConfiguration;
			buildSettings = {
				COPY_PHASE_STRIP = NO;
				EXCLUDED_RECURSIVE_SEARCH_PATH_SUBDIRECTORIES = "*.nib *.lproj *.gch (*) .DS_Store CVS .svn .git .hg *.xcodeproj *.xcode *.pbproj *.pbxproj";
				FRAMEWORK_SEARCH_PATHS = (
					"$(MonkeyDevPath)/frameworks/**",
					"$(MonkeyDevTheosPath)/vendor/lib",
				);
				GCC_C_LANGUAGE_STANDARD = gnu99;
				GCC_DYNAMIC_NO_PIC = NO;
				GCC_OPTIMIZATION_LEVEL = 0;
				GCC_PREPROCESSOR_DEFINITIONS = (
					"DEBUG=1",
					"$(inherited)",
				);
				GCC_SYMBOLS_PRIVATE_EXTERN = NO;
				GCC_WARN_ABOUT_MISSING_PROTOTYPES = YES;
				GCC_WARN_ABOUT_RETURN_TYPE = YES;
				GCC_WARN_UNUSED_VARIABLE = YES;
				HEADER_SEARCH_PATHS = "$(MonkeyDevTheosPath)/vendor/include/**";
				IPHONEOS_DEPLOYMENT_TARGET = 8.0;
				LIBRARY_SEARCH_PATHS = "$(MonkeyDevTheosPath)/vendor/lib/**";
				MonkeyDevPath = /opt/MonkeyDev;
				MonkeyDevTheosPath = /opt/theos;
				ONLY_ACTIVE_ARCH = YES;
				OTHER_CFLAGS = "-DTHEOS_INSTANCE_NAME=\"\\\"AwemeTweak\\\"\"";
				SDKROOT = iphoneos;
				TARGETED_DEVICE_FAMILY = "1,2";
				VALIDATE_PRODUCT = NO;
			};
			name = Debug;
		};
		374CCBFC25148FF100680D75 /* Release */ = {
			isa = XCBuildConfiguration;
			buildSettings = {
				CLANG_ENABLE_OBJC_ARC = YES;
				CODE_SIGNING_ALLOWED = NO;
				CODE_SIGN_IDENTITY = "";
				CODE_SIGN_STYLE = Automatic;
				DYLIB_COMPATIBILITY_VERSION = 1;
				DYLIB_CURRENT_VERSION = 1;
				GCC_PRECOMPILE_PREFIX_HEADER = YES;
				GCC_PREFIX_HEADER = "AwemeTweak/AwemeTweak-Prefix.pch";
				INSTALL_PATH = /Library/MobileSubstrate/DynamicLibraries;
				MonkeyDevBuildPackageOnAnyBuild = NO;
				MonkeyDevClearUiCacheOnInstall = NO;
				MonkeyDevCopyOnBuild = NO;
				MonkeyDevDeviceIP = localhost;
				MonkeyDevDevicePassword = admin;
				MonkeyDevDevicePort = 2222;
				MonkeyDevInstallOnAnyBuild = YES;
				MonkeyDevInstallOnProfiling = YES;
				MonkeyDevkillProcessOnInstall = SpringBoard;
				OTHER_LDFLAGS = (
					"-lsqlite3",
					"-lz",
				);
				PRODUCT_NAME = "$(TARGET_NAME)";
				TARGETED_DEVICE_FAMILY = "1,2";
			};
			name = Release;
		};
		374CCBFD25148FF100680D75 /* Debug */ = {
			isa = XCBuildConfiguration;
			buildSettings = {
				CLANG_ENABLE_OBJC_ARC = YES;
				CODE_SIGNING_ALLOWED = NO;
				CODE_SIGN_IDENTITY = "";
				CODE_SIGN_STYLE = Automatic;
				DYLIB_COMPATIBILITY_VERSION = 1;
				DYLIB_CURRENT_VERSION = 1;
				GCC_PRECOMPILE_PREFIX_HEADER = YES;
				GCC_PREFIX_HEADER = "AwemeTweak/AwemeTweak-Prefix.pch";
				INSTALL_PATH = /Library/MobileSubstrate/DynamicLibraries;
				MonkeyDevBuildPackageOnAnyBuild = NO;
				MonkeyDevClearUiCacheOnInstall = NO;
				MonkeyDevCopyOnBuild = NO;
				MonkeyDevDeviceIP = localhost;
				MonkeyDevDevicePassword = admin;
				MonkeyDevDevicePort = 2222;
				MonkeyDevInstallOnAnyBuild = YES;
				MonkeyDevInstallOnProfiling = YES;
				MonkeyDevkillProcessOnInstall = SpringBoard;
				OTHER_LDFLAGS = (
					"-lsqlite3",
					"-lz",
				);
				PRODUCT_NAME = "$(TARGET_NAME)";
				TARGETED_DEVICE_FAMILY = "1,2";
			};
			name = Debug;
		};
/* End XCBuildConfiguration section */

/* Begin XCConfigurationList section */
		374CCBDC25148FF100680D75 /* Build configuration list for PBXProject "AwemeTweak" */ = {
			isa = XCConfigurationList;
			buildConfigurations = (
				374CCBF925148FF100680D75 /* Release */,
				374CCBFA25148FF100680D75 /* Debug */,
			);
			defaultConfigurationIsVisible = 0;
			defaultConfigurationName = Release;
		};
		374CCBFB25148FF100680D75 /* Build configuration list for PBXNativeTarget "AwemeTweak" */ = {
			isa = XCConfigurationList;
			buildConfigurations = (
				374CCBFC25148FF100680D75 /* Release */,
				374CCBFD25148FF100680D75 /* Debug */,
			);
			defaultConfigurationIsVisible = 0;
			defaultConfigurationName = Release;
		};
/* End XCConfigurationList section */
	};
	rootObject = 374CCBD925148FF100680D75 /* Project object */;
}
